{
    "version": "0.5",
    "requires": [
        "zlib/1.3.1#b8bc2603263cf7eccbd6e17e66b0ed76%1733936244.862",
        "opengl/system#7c02ea6ef926fd04844af53622a30541%1730805494.23",
        "libpng/1.6.48#dd0fc04a42b9a23bce065545a81d4847%1746141949.748",
        "glm/1.0.1#94392c53a527f7d830119b84fe80c754%1713951421.775",
        "glfw/3.4#41cc24c744dc4c80571f5dd10dcd9cda%1732635892.515",
        "freetype/2.13.3#12f7bbb4e5e6dc1e276c20d0cfe54f74%1728736671.344",
        "catch2/3.8.1#141f4cd552b86c7278436c434473ae2f%1746216399.318",
        "bzip2/1.0.8#00b4a4658791c1f06914e087f0e792f5%1744702067.178",
        "brotli/1.1.0#406ce8f1c997f4ef7852fa01ff85ef9f%1743158659.041"
    ],
    "build_requires": [
        "pkgconf/2.1.0#27f44583701117b571307cf5b5fe5605%1701537936.436",
        "ninja/1.12.1#fd583651bf0c6a901943495d49878803%1724079877.609",
        "meson/1.3.2#26ce8a76a36cc275cdfee1d757bc6561%1726730118.251",
        "meson/1.2.2#21b73818ba96d9eea465b310b5bbc993%1726730120.212",
        "cmake/3.23.5#bade138816a8784849345fe0e9438fee%1678699428.729"
    ],
    "python_requires": [],
    "config_requires": []
}